// !$*UTF8*$!
{
	archiveVersion = 1;
	classes = {
	};
	objectVersion = 50;
	objects = {

/* Begin PBXBuildFile section */
		DB548BF921F070800083F897 /* GameStoryboard.storyboard in Resources */ = {isa = PBXBuildFile; fileRef = DB548BF821F070800083F897 /* GameStoryboard.storyboard */; };
		DB548BFB21F070A20083F897 /* GameViewController.swift in Sources */ = {isa = PBXBuildFile; fileRef = DB548BFA21F070A20083F897 /* GameViewController.swift */; };
		DB548BFE21F073320083F897 /* RequestApi.swift in Sources */ = {isa = PBXBuildFile; fileRef = DB548BFD21F073320083F897 /* RequestApi.swift */; };
		DB548C0121F073B40083F897 /* Question.swift in Sources */ = {isa = PBXBuildFile; fileRef = DB548C0021F073B40083F897 /* Question.swift */; };
		DBA459B521F724AB00E7C137 /* TravelingTypewriter.ttf in Resources */ = {isa = PBXBuildFile; fileRef = DBA459B421F7249200E7C137 /* TravelingTypewriter.ttf */; };
		DBA459B721F7262900E7C137 /* Letters for Learners.ttf in Resources */ = {isa = PBXBuildFile; fileRef = DBA459B621F7262500E7C137 /* Letters for Learners.ttf */; };
		DBD20FD82240CEAC00CD590E /* SettingsViewController.swift in Sources */ = {isa = PBXBuildFile; fileRef = DBD20FD72240CEAC00CD590E /* SettingsViewController.swift */; };
		DBD20FDA2240CECF00CD590E /* Settings.storyboard in Resources */ = {isa = PBXBuildFile; fileRef = DBD20FD92240CECF00CD590E /* Settings.storyboard */; };
		DBD20FDC2240CFF100CD590E /* StaticSettings.swift in Sources */ = {isa = PBXBuildFile; fileRef = DBD20FDB2240CFF100CD590E /* StaticSettings.swift */; };
		DBF7423D21EA06570044F39B /* AppDelegate.swift in Sources */ = {isa = PBXBuildFile; fileRef = DBF7423C21EA06570044F39B /* AppDelegate.swift */; };
		DBF7423F21EA06570044F39B /* ViewController.swift in Sources */ = {isa = PBXBuildFile; fileRef = DBF7423E21EA06570044F39B /* ViewController.swift */; };
		DBF7424221EA06570044F39B /* Main.storyboard in Resources */ = {isa = PBXBuildFile; fileRef = DBF7424021EA06570044F39B /* Main.storyboard */; };
		DBF7424421EA06580044F39B /* Assets.xcassets in Resources */ = {isa = PBXBuildFile; fileRef = DBF7424321EA06580044F39B /* Assets.xcassets */; };
		DBF7424721EA06580044F39B /* LaunchScreen.storyboard in Resources */ = {isa = PBXBuildFile; fileRef = DBF7424521EA06580044F39B /* LaunchScreen.storyboard */; };
		DBF7425221EA06580044F39B /* MyWisdomAppTests.swift in Sources */ = {isa = PBXBuildFile; fileRef = DBF7425121EA06580044F39B /* MyWisdomAppTests.swift */; };
		DBF7425D21EA06580044F39B /* MyWisdomAppUITests.swift in Sources */ = {isa = PBXBuildFile; fileRef = DBF7425C21EA06580044F39B /* MyWisdomAppUITests.swift */; };
/* End PBXBuildFile section */

/* Begin PBXContainerItemProxy section */
		DBF7424E21EA06580044F39B /* PBXContainerItemProxy */ = {
			isa = PBXContainerItemProxy;
			containerPortal = DBF7423121EA06570044F39B /* Project object */;
			proxyType = 1;
			remoteGlobalIDString = DBF7423821EA06570044F39B;
			remoteInfo = MyWisdomApp;
		};
		DBF7425921EA06580044F39B /* PBXContainerItemProxy */ = {
			isa = PBXContainerItemProxy;
			containerPortal = DBF7423121EA06570044F39B /* Project object */;
			proxyType = 1;
			remoteGlobalIDString = DBF7423821EA06570044F39B;
			remoteInfo = MyWisdomApp;
		};
/* End PBXContainerItemProxy section */

/* Begin PBXFileReference section */
		DB548BF821F070800083F897 /* GameStoryboard.storyboard */ = {isa = PBXFileReference; lastKnownFileType = file.storyboard; path = GameStoryboard.storyboard; sourceTree = "<group>"; };
		DB548BFA21F070A20083F897 /* GameViewController.swift */ = {isa = PBXFileReference; lastKnownFileType = sourcecode.swift; path = GameViewController.swift; sourceTree = "<group>"; };
		DB548BFD21F073320083F897 /* RequestApi.swift */ = {isa = PBXFileReference; lastKnownFileType = sourcecode.swift; path = RequestApi.swift; sourceTree = "<group>"; };
		DB548C0021F073B40083F897 /* Question.swift */ = {isa = PBXFileReference; lastKnownFileType = sourcecode.swift; path = Question.swift; sourceTree = "<group>"; };
		DBA459B421F7249200E7C137 /* TravelingTypewriter.ttf */ = {isa = PBXFileReference; lastKnownFileType = file; path = TravelingTypewriter.ttf; sourceTree = "<group>"; };
		DBA459B621F7262500E7C137 /* Letters for Learners.ttf */ = {isa = PBXFileReference; lastKnownFileType = file; path = "Letters for Learners.ttf"; sourceTree = "<group>"; };
		DBD20FD72240CEAC00CD590E /* SettingsViewController.swift */ = {isa = PBXFileReference; lastKnownFileType = sourcecode.swift; path = SettingsViewController.swift; sourceTree = "<group>"; };
		DBD20FD92240CECF00CD590E /* Settings.storyboard */ = {isa = PBXFileReference; lastKnownFileType = file.storyboard; path = Settings.storyboard; sourceTree = "<group>"; };
		DBD20FDB2240CFF100CD590E /* StaticSettings.swift */ = {isa = PBXFileReference; lastKnownFileType = sourcecode.swift; path = StaticSettings.swift; sourceTree = "<group>"; };
		DBF7423921EA06570044F39B /* MyWisdomApp.app */ = {isa = PBXFileReference; explicitFileType = wrapper.application; includeInIndex = 0; path = MyWisdomApp.app; sourceTree = BUILT_PRODUCTS_DIR; };
		DBF7423C21EA06570044F39B /* AppDelegate.swift */ = {isa = PBXFileReference; lastKnownFileType = sourcecode.swift; path = AppDelegate.swift; sourceTree = "<group>"; };
		DBF7423E21EA06570044F39B /* ViewController.swift */ = {isa = PBXFileReference; lastKnownFileType = sourcecode.swift; path = ViewController.swift; sourceTree = "<group>"; };
		DBF7424121EA06570044F39B /* Base */ = {isa = PBXFileReference; lastKnownFileType = file.storyboard; name = Base; path = Base.lproj/Main.storyboard; sourceTree = "<group>"; };
		DBF7424321EA06580044F39B /* Assets.xcassets */ = {isa = PBXFileReference; lastKnownFileType = folder.assetcatalog; path = Assets.xcassets; sourceTree = "<group>"; };
		DBF7424621EA06580044F39B /* Base */ = {isa = PBXFileReference; lastKnownFileType = file.storyboard; name = Base; path = Base.lproj/LaunchScreen.storyboard; sourceTree = "<group>"; };
		DBF7424821EA06580044F39B /* Info.plist */ = {isa = PBXFileReference; lastKnownFileType = text.plist.xml; path = Info.plist; sourceTree = "<group>"; };
		DBF7424D21EA06580044F39B /* MyWisdomAppTests.xctest */ = {isa = PBXFileReference; explicitFileType = wrapper.cfbundle; includeInIndex = 0; path = MyWisdomAppTests.xctest; sourceTree = BUILT_PRODUCTS_DIR; };
		DBF7425121EA06580044F39B /* MyWisdomAppTests.swift */ = {isa = PBXFileReference; lastKnownFileType = sourcecode.swift; path = MyWisdomAppTests.swift; sourceTree = "<group>"; };
		DBF7425321EA06580044F39B /* Info.plist */ = {isa = PBXFileReference; lastKnownFileType = text.plist.xml; path = Info.plist; sourceTree = "<group>"; };
		DBF7425821EA06580044F39B /* MyWisdomAppUITests.xctest */ = {isa = PBXFileReference; explicitFileType = wrapper.cfbundle; includeInIndex = 0; path = MyWisdomAppUITests.xctest; sourceTree = BUILT_PRODUCTS_DIR; };
		DBF7425C21EA06580044F39B /* MyWisdomAppUITests.swift */ = {isa = PBXFileReference; lastKnownFileType = sourcecode.swift; path = MyWisdomAppUITests.swift; sourceTree = "<group>"; };
		DBF7425E21EA06580044F39B /* Info.plist */ = {isa = PBXFileReference; lastKnownFileType = text.plist.xml; path = Info.plist; sourceTree = "<group>"; };
/* End PBXFileReference section */

/* Begin PBXFrameworksBuildPhase section */
		DBF7423621EA06570044F39B /* Frameworks */ = {
			isa = PBXFrameworksBuildPhase;
			buildActionMask = 2147483647;
			files = (
			);
			runOnlyForDeploymentPostprocessing = 0;
		};
		DBF7424A21EA06580044F39B /* Frameworks */ = {
			isa = PBXFrameworksBuildPhase;
			buildActionMask = 2147483647;
			files = (
			);
			runOnlyForDeploymentPostprocessing = 0;
		};
		DBF7425521EA06580044F39B /* Frameworks */ = {
			isa = PBXFrameworksBuildPhase;
			buildActionMask = 2147483647;
			files = (
			);
			runOnlyForDeploymentPostprocessing = 0;
		};
/* End PBXFrameworksBuildPhase section */

/* Begin PBXGroup section */
		DB548BF721F070580083F897 /* GameView */ = {
			isa = PBXGroup;
			children = (
				DB548BF821F070800083F897 /* GameStoryboard.storyboard */,
				DB548BFA21F070A20083F897 /* GameViewController.swift */,
			);
			path = GameView;
			sourceTree = "<group>";
		};
		DB548BFC21F073110083F897 /* StaticRequest */ = {
			isa = PBXGroup;
			children = (
				DB548BFD21F073320083F897 /* RequestApi.swift */,
			);
			path = StaticRequest;
			sourceTree = "<group>";
		};
		DB548BFF21F0738D0083F897 /* Question */ = {
			isa = PBXGroup;
			children = (
				DB548C0021F073B40083F897 /* Question.swift */,
			);
			path = Question;
			sourceTree = "<group>";
		};
		DBA459B321F7247400E7C137 /* fonts */ = {
			isa = PBXGroup;
			children = (
				DBA459B621F7262500E7C137 /* Letters for Learners.ttf */,
				DBA459B421F7249200E7C137 /* TravelingTypewriter.ttf */,
			);
			path = fonts;
			sourceTree = "<group>";
		};
		DBD20FD62240CE7200CD590E /* Settings */ = {
			isa = PBXGroup;
			children = (
				DBD20FD72240CEAC00CD590E /* SettingsViewController.swift */,
				DBD20FD92240CECF00CD590E /* Settings.storyboard */,
				DBD20FDB2240CFF100CD590E /* StaticSettings.swift */,
			);
			path = Settings;
			sourceTree = "<group>";
		};
		DBF7423021EA06570044F39B = {
			isa = PBXGroup;
			children = (
				DBD20FD62240CE7200CD590E /* Settings */,
				DB548BFF21F0738D0083F897 /* Question */,
				DB548BFC21F073110083F897 /* StaticRequest */,
				DB548BF721F070580083F897 /* GameView */,
				DBF7423B21EA06570044F39B /* MyWisdomApp */,
				DBF7425021EA06580044F39B /* MyWisdomAppTests */,
				DBF7425B21EA06580044F39B /* MyWisdomAppUITests */,
				DBF7423A21EA06570044F39B /* Products */,
			);
			sourceTree = "<group>";
		};
		DBF7423A21EA06570044F39B /* Products */ = {
			isa = PBXGroup;
			children = (
				DBF7423921EA06570044F39B /* MyWisdomApp.app */,
				DBF7424D21EA06580044F39B /* MyWisdomAppTests.xctest */,
				DBF7425821EA06580044F39B /* MyWisdomAppUITests.xctest */,
			);
			name = Products;
			sourceTree = "<group>";
		};
		DBF7423B21EA06570044F39B /* MyWisdomApp */ = {
			isa = PBXGroup;
			children = (
				DBA459B321F7247400E7C137 /* fonts */,
				DBF7423C21EA06570044F39B /* AppDelegate.swift */,
				DBF7423E21EA06570044F39B /* ViewController.swift */,
				DBF7424021EA06570044F39B /* Main.storyboard */,
				DBF7424321EA06580044F39B /* Assets.xcassets */,
				DBF7424521EA06580044F39B /* LaunchScreen.storyboard */,
				DBF7424821EA06580044F39B /* Info.plist */,
			);
			path = MyWisdomApp;
			sourceTree = "<group>";
		};
		DBF7425021EA06580044F39B /* MyWisdomAppTests */ = {
			isa = PBXGroup;
			children = (
				DBF7425121EA06580044F39B /* MyWisdomAppTests.swift */,
				DBF7425321EA06580044F39B /* Info.plist */,
			);
			path = MyWisdomAppTests;
			sourceTree = "<group>";
		};
		DBF7425B21EA06580044F39B /* MyWisdomAppUITests */ = {
			isa = PBXGroup;
			children = (
				DBF7425C21EA06580044F39B /* MyWisdomAppUITests.swift */,
				DBF7425E21EA06580044F39B /* Info.plist */,
			);
			path = MyWisdomAppUITests;
			sourceTree = "<group>";
		};
/* End PBXGroup section */

/* Begin PBXNativeTarget section */
		DBF7423821EA06570044F39B /* MyWisdomApp */ = {
			isa = PBXNativeTarget;
			buildConfigurationList = DBF7426121EA06580044F39B /* Build configuration list for PBXNativeTarget "MyWisdomApp" */;
			buildPhases = (
				DBF7423521EA06570044F39B /* Sources */,
				DBF7423621EA06570044F39B /* Frameworks */,
				DBF7423721EA06570044F39B /* Resources */,
			);
			buildRules = (
			);
			dependencies = (
			);
			name = MyWisdomApp;
			productName = MyWisdomApp;
			productReference = DBF7423921EA06570044F39B /* MyWisdomApp.app */;
			productType = "com.apple.product-type.application";
		};
		DBF7424C21EA06580044F39B /* MyWisdomAppTests */ = {
			isa = PBXNativeTarget;
			buildConfigurationList = DBF7426421EA06580044F39B /* Build configuration list for PBXNativeTarget "MyWisdomAppTests" */;
			buildPhases = (
				DBF7424921EA06580044F39B /* Sources */,
				DBF7424A21EA06580044F39B /* Frameworks */,
				DBF7424B21EA06580044F39B /* Resources */,
			);
			buildRules = (
			);
			dependencies = (
				DBF7424F21EA06580044F39B /* PBXTargetDependency */,
			);
			name = MyWisdomAppTests;
			productName = MyWisdomAppTests;
			productReference = DBF7424D21EA06580044F39B /* MyWisdomAppTests.xctest */;
			productType = "com.apple.product-type.bundle.unit-test";
		};
		DBF7425721EA06580044F39B /* MyWisdomAppUITests */ = {
			isa = PBXNativeTarget;
			buildConfigurationList = DBF7426721EA06580044F39B /* Build configuration list for PBXNativeTarget "MyWisdomAppUITests" */;
			buildPhases = (
				DBF7425421EA06580044F39B /* Sources */,
				DBF7425521EA06580044F39B /* Frameworks */,
				DBF7425621EA06580044F39B /* Resources */,
			);
			buildRules = (
			);
			dependencies = (
				DBF7425A21EA06580044F39B /* PBXTargetDependency */,
			);
			name = MyWisdomAppUITests;
			productName = MyWisdomAppUITests;
			productReference = DBF7425821EA06580044F39B /* MyWisdomAppUITests.xctest */;
			productType = "com.apple.product-type.bundle.ui-testing";
		};
/* End PBXNativeTarget section */

/* Begin PBXProject section */
		DBF7423121EA06570044F39B /* Project object */ = {
			isa = PBXProject;
			attributes = {
				LastSwiftUpdateCheck = 1010;
				LastUpgradeCheck = 1010;
				ORGANIZATIONNAME = "Filippo Daminato";
				TargetAttributes = {
					DBF7423821EA06570044F39B = {
						CreatedOnToolsVersion = 10.1;
					};
					DBF7424C21EA06580044F39B = {
						CreatedOnToolsVersion = 10.1;
						TestTargetID = DBF7423821EA06570044F39B;
					};
					DBF7425721EA06580044F39B = {
						CreatedOnToolsVersion = 10.1;
						TestTargetID = DBF7423821EA06570044F39B;
					};
				};
			};
			buildConfigurationList = DBF7423421EA06570044F39B /* Build configuration list for PBXProject "MyWisdomApp" */;
			compatibilityVersion = "Xcode 9.3";
			developmentRegion = en;
			hasScannedForEncodings = 0;
			knownRegions = (
				en,
				Base,
			);
			mainGroup = DBF7423021EA06570044F39B;
			productRefGroup = DBF7423A21EA06570044F39B /* Products */;
			projectDirPath = "";
			projectRoot = "";
			targets = (
				DBF7423821EA06570044F39B /* MyWisdomApp */,
				DBF7424C21EA06580044F39B /* MyWisdomAppTests */,
				DBF7425721EA06580044F39B /* MyWisdomAppUITests */,
			);
		};
/* End PBXProject section */

/* Begin PBXResourcesBuildPhase section */
		DBF7423721EA06570044F39B /* Resources */ = {
			isa = PBXResourcesBuildPhase;
			buildActionMask = 2147483647;
			files = (
				DBF7424721EA06580044F39B /* LaunchScreen.storyboard in Resources */,
				DBA459B521F724AB00E7C137 /* TravelingTypewriter.ttf in Resources */,
				DBF7424421EA06580044F39B /* Assets.xcassets in Resources */,
				DBF7424221EA06570044F39B /* Main.storyboard in Resources */,
				DBA459B721F7262900E7C137 /* Letters for Learners.ttf in Resources */,
				DB548BF921F070800083F897 /* GameStoryboard.storyboard in Resources */,
				DBD20FDA2240CECF00CD590E /* Settings.storyboard in Resources */,
			);
			runOnlyForDeploymentPostprocessing = 0;
		};
		DBF7424B21EA06580044F39B /* Resources */ = {
			isa = PBXResourcesBuildPhase;
			buildActionMask = 2147483647;
			files = (
			);
			runOnlyForDeploymentPostprocessing = 0;
		};
		DBF7425621EA06580044F39B /* Resources */ = {
			isa = PBXResourcesBuildPhase;
			buildActionMask = 2147483647;
			files = (
			);
			runOnlyForDeploymentPostprocessing = 0;
		};
/* End PBXResourcesBuildPhase section */

/* Begin PBXSourcesBuildPhase section */
		DBF7423521EA06570044F39B /* Sources */ = {
			isa = PBXSourcesBuildPhase;
			buildActionMask = 2147483647;
			files = (
				DBD20FDC2240CFF100CD590E /* StaticSettings.swift in Sources */,
				DB548C0121F073B40083F897 /* Question.swift in Sources */,
				DBF7423F21EA06570044F39B /* ViewController.swift in Sources */,
				DB548BFB21F070A20083F897 /* GameViewController.swift in Sources */,
				DB548BFE21F073320083F897 /* RequestApi.swift in Sources */,
				DBF7423D21EA06570044F39B /* AppDelegate.swift in Sources */,
				DBD20FD82240CEAC00CD590E /* SettingsViewController.swift in Sources */,
			);
			runOnlyForDeploymentPostprocessing = 0;
		};
		DBF7424921EA06580044F39B /* Sources */ = {
			isa = PBXSourcesBuildPhase;
			buildActionMask = 2147483647;
			files = (
				DBF7425221EA06580044F39B /* MyWisdomAppTests.swift in Sources */,
			);
			runOnlyForDeploymentPostprocessing = 0;
		};
		DBF7425421EA06580044F39B /* Sources */ = {
			isa = PBXSourcesBuildPhase;
			buildActionMask = 2147483647;
			files = (
				DBF7425D21EA06580044F39B /* MyWisdomAppUITests.swift in Sources */,
			);
			runOnlyForDeploymentPostprocessing = 0;
		};
/* End PBXSourcesBuildPhase section */

/* Begin PBXTargetDependency section */
		DBF7424F21EA06580044F39B /* PBXTargetDependency */ = {
			isa = PBXTargetDependency;
			target = DBF7423821EA06570044F39B /* MyWisdomApp */;
			targetProxy = DBF7424E21EA06580044F39B /* PBXContainerItemProxy */;
		};
		DBF7425A21EA06580044F39B /* PBXTargetDependency */ = {
			isa = PBXTargetDependency;
			target = DBF7423821EA06570044F39B /* MyWisdomApp */;
			targetProxy = DBF7425921EA06580044F39B /* PBXContainerItemProxy */;
		};
/* End PBXTargetDependency section */

/* Begin PBXVariantGroup section */
		DBF7424021EA06570044F39B /* Main.storyboard */ = {
			isa = PBXVariantGroup;
			children = (
				DBF7424121EA06570044F39B /* Base */,
			);
			name = Main.storyboard;
			sourceTree = "<group>";
		};
		DBF7424521EA06580044F39B /* LaunchScreen.storyboard */ = {
			isa = PBXVariantGroup;
			children = (
				DBF7424621EA06580044F39B /* Base */,
			);
			name = LaunchScreen.storyboard;
			sourceTree = "<group>";
		};
/* End PBXVariantGroup section */

/* Begin XCBuildConfiguration section */
		DBF7425F21EA06580044F39B /* Debug */ = {
			isa = XCBuildConfiguration;
			buildSettings = {
				ALWAYS_SEARCH_USER_PATHS = NO;
				CLANG_ANALYZER_NONNULL = YES;
				CLANG_ANALYZER_NUMBER_OBJECT_CONVERSION = YES_AGGRESSIVE;
				CLANG_CXX_LANGUAGE_STANDARD = "gnu++14";
				CLANG_CXX_LIBRARY = "libc++";
				CLANG_ENABLE_MODULES = YES;
				CLANG_ENABLE_OBJC_ARC = YES;
				CLANG_ENABLE_OBJC_WEAK = YES;
				CLANG_WARN_BLOCK_CAPTURE_AUTORELEASING = YES;
				CLANG_WARN_BOOL_CONVERSION = YES;
				CLANG_WARN_COMMA = YES;
				CLANG_WARN_CONSTANT_CONVERSION = YES;
				CLANG_WARN_DEPRECATED_OBJC_IMPLEMENTATIONS = YES;
				CLANG_WARN_DIRECT_OBJC_ISA_USAGE = YES_ERROR;
				CLANG_WARN_DOCUMENTATION_COMMENTS = YES;
				CLANG_WARN_EMPTY_BODY = YES;
				CLANG_WARN_ENUM_CONVERSION = YES;
				CLANG_WARN_INFINITE_RECURSION = YES;
				CLANG_WARN_INT_CONVERSION = YES;
				CLANG_WARN_NON_LITERAL_NULL_CONVERSION = YES;
				CLANG_WARN_OBJC_IMPLICIT_RETAIN_SELF = YES;
				CLANG_WARN_OBJC_LITERAL_CONVERSION = YES;
				CLANG_WARN_OBJC_ROOT_CLASS = YES_ERROR;
				CLANG_WARN_RANGE_LOOP_ANALYSIS = YES;
				CLANG_WARN_STRICT_PROTOTYPES = YES;
				CLANG_WARN_SUSPICIOUS_MOVE = YES;
				CLANG_WARN_UNGUARDED_AVAILABILITY = YES_AGGRESSIVE;
				CLANG_WARN_UNREACHABLE_CODE = YES;
				CLANG_WARN__DUPLICATE_METHOD_MATCH = YES;
				CODE_SIGN_IDENTITY = "iPhone Developer";
				COPY_PHASE_STRIP = NO;
				DEBUG_INFORMATION_FORMAT = dwarf;
				ENABLE_STRICT_OBJC_MSGSEND = YES;
				ENABLE_TESTABILITY = YES;
				GCC_C_LANGUAGE_STANDARD = gnu11;
				GCC_DYNAMIC_NO_PIC = NO;
				GCC_NO_COMMON_BLOCKS = YES;
				GCC_OPTIMIZATION_LEVEL = 0;
				GCC_PREPROCESSOR_DEFINITIONS = (
					"DEBUG=1",
					"$(inherited)",
				);
				GCC_WARN_64_TO_32_BIT_CONVERSION = YES;
				GCC_WARN_ABOUT_RETURN_TYPE = YES_ERROR;
				GCC_WARN_UNDECLARED_SELECTOR = YES;
				GCC_WARN_UNINITIALIZED_AUTOS = YES_AGGRESSIVE;
				GCC_WARN_UNUSED_FUNCTION = YES;
				GCC_WARN_UNUSED_VARIABLE = YES;
				IPHONEOS_DEPLOYMENT_TARGET = 12.1;
				MTL_ENABLE_DEBUG_INFO = INCLUDE_SOURCE;
				MTL_FAST_MATH = YES;
				ONLY_ACTIVE_ARCH = YES;
				SDKROOT = iphoneos;
				SWIFT_ACTIVE_COMPILATION_CONDITIONS = DEBUG;
				SWIFT_OPTIMIZATION_LEVEL = "-Onone";
			};
			name = Debug;
		};
		DBF7426021EA06580044F39B /* Release */ = {
			isa = XCBuildConfiguration;
			buildSettings = {
				ALWAYS_SEARCH_USER_PATHS = NO;
				CLANG_ANALYZER_NONNULL = YES;
				CLANG_ANALYZER_NUMBER_OBJECT_CONVERSION = YES_AGGRESSIVE;
				CLANG_CXX_LANGUAGE_STANDARD = "gnu++14";
				CLANG_CXX_LIBRARY = "libc++";
				CLANG_ENABLE_MODULES = YES;
				CLANG_ENABLE_OBJC_ARC = YES;
				CLANG_ENABLE_OBJC_WEAK = YES;
				CLANG_WARN_BLOCK_CAPTURE_AUTORELEASING = YES;
				CLANG_WARN_BOOL_CONVERSION = YES;
				CLANG_WARN_COMMA = YES;
				CLANG_WARN_CONSTANT_CONVERSION = YES;
				CLANG_WARN_DEPRECATED_OBJC_IMPLEMENTATIONS = YES;
				CLANG_WARN_DIRECT_OBJC_ISA_USAGE = YES_ERROR;
				CLANG_WARN_DOCUMENTATION_COMMENTS = YES;
				CLANG_WARN_EMPTY_BODY = YES;
				CLANG_WARN_ENUM_CONVERSION = YES;
				CLANG_WARN_INFINITE_RECURSION = YES;
				CLANG_WARN_INT_CONVERSION = YES;
				CLANG_WARN_NON_LITERAL_NULL_CONVERSION = YES;
				CLANG_WARN_OBJC_IMPLICIT_RETAIN_SELF = YES;
				CLANG_WARN_OBJC_LITERAL_CONVERSION = YES;
				CLANG_WARN_OBJC_ROOT_CLASS = YES_ERROR;
				CLANG_WARN_RANGE_LOOP_ANALYSIS = YES;
				CLANG_WARN_STRICT_PROTOTYPES = YES;
				CLANG_WARN_SUSPICIOUS_MOVE = YES;
				CLANG_WARN_UNGUARDED_AVAILABILITY = YES_AGGRESSIVE;
				CLANG_WARN_UNREACHABLE_CODE = YES;
				CLANG_WARN__DUPLICATE_METHOD_MATCH = YES;
				CODE_SIGN_IDENTITY = "iPhone Developer";
				COPY_PHASE_STRIP = NO;
				DEBUG_INFORMATION_FORMAT = "dwarf-with-dsym";
				ENABLE_NS_ASSERTIONS = NO;
				ENABLE_STRICT_OBJC_MSGSEND = YES;
				GCC_C_LANGUAGE_STANDARD = gnu11;
				GCC_NO_COMMON_BLOCKS = YES;
				GCC_WARN_64_TO_32_BIT_CONVERSION = YES;
				GCC_WARN_ABOUT_RETURN_TYPE = YES_ERROR;
				GCC_WARN_UNDECLARED_SELECTOR = YES;
				GCC_WARN_UNINITIALIZED_AUTOS = YES_AGGRESSIVE;
				GCC_WARN_UNUSED_FUNCTION = YES;
				GCC_WARN_UNUSED_VARIABLE = YES;
				IPHONEOS_DEPLOYMENT_TARGET = 12.1;
				MTL_ENABLE_DEBUG_INFO = NO;
				MTL_FAST_MATH = YES;
				SDKROOT = iphoneos;
				SWIFT_COMPILATION_MODE = wholemodule;
				SWIFT_OPTIMIZATION_LEVEL = "-O";
				VALIDATE_PRODUCT = YES;
			};
			name = Release;
		};
		DBF7426221EA06580044F39B /* Debug */ = {
			isa = XCBuildConfiguration;
			buildSettings = {
				ASSETCATALOG_COMPILER_APPICON_NAME = AppIcon;
				CODE_SIGN_IDENTITY = "iPhone Developer";
				CODE_SIGN_STYLE = Automatic;
				DEVELOPMENT_TEAM = 32ZWE3J8R6;
				INFOPLIST_FILE = MyWisdomApp/Info.plist;
				LD_RUNPATH_SEARCH_PATHS = (
					"$(inherited)",
					"@executable_path/Frameworks",
				);
				PRODUCT_BUNDLE_IDENTIFIER = "Filippo-Daminato.MyWisdomApp";
				PRODUCT_NAME = "$(TARGET_NAME)";
				PROVISIONING_PROFILE_SPECIFIER = "";
				SWIFT_VERSION = 4.2;
				TARGETED_DEVICE_FAMILY = 1;
			};
			name = Debug;
		};
		DBF7426321EA06580044F39B /* Release */ = {
			isa = XCBuildConfiguration;
			buildSettings = {
				ASSETCATALOG_COMPILER_APPICON_NAME = AppIcon;
				CODE_SIGN_IDENTITY = "iPhone Developer";
				CODE_SIGN_STYLE = Automatic;
				DEVELOPMENT_TEAM = 32ZWE3J8R6;
				INFOPLIST_FILE = MyWisdomApp/Info.plist;
				LD_RUNPATH_SEARCH_PATHS = (
					"$(inherited)",
					"@executable_path/Frameworks",
				);
				PRODUCT_BUNDLE_IDENTIFIER = "Filippo-Daminato.MyWisdomApp";
				PRODUCT_NAME = "$(TARGET_NAME)";
				PROVISIONING_PROFILE_SPECIFIER = "";
				SWIFT_VERSION = 4.2;
				TARGETED_DEVICE_FAMILY = 1;
			};
			name = Release;
		};
		DBF7426521EA06580044F39B /* Debug */ = {
			isa = XCBuildConfiguration;
			buildSettings = {
				ALWAYS_EMBED_SWIFT_STANDARD_LIBRARIES = YES;
				BUNDLE_LOADER = "$(TEST_HOST)";
				CODE_SIGN_STYLE = Automatic;
				DEVELOPMENT_TEAM = 32ZWE3J8R6;
				INFOPLIST_FILE = MyWisdomAppTests/Info.plist;
				LD_RUNPATH_SEARCH_PATHS = (
					"$(inherited)",
					"@executable_path/Frameworks",
					"@loader_path/Frameworks",
				);
				PRODUCT_BUNDLE_IDENTIFIER = "Filippo-Daminato.MyWisdomAppTests";
				PRODUCT_NAME = "$(TARGET_NAME)";
				SWIFT_VERSION = 4.2;
				TARGETED_DEVICE_FAMILY = "1,2";
				TEST_HOST = "$(BUILT_PRODUCTS_DIR)/MyWisdomApp.app/MyWisdomApp";
			};
			name = Debug;
		};
		DBF7426621EA06580044F39B /* Release */ = {
			isa = XCBuildConfiguration;
			buildSettings = {
				ALWAYS_EMBED_SWIFT_STANDARD_LIBRARIES = YES;
				BUNDLE_LOADER = "$(TEST_HOST)";
				CODE_SIGN_STYLE = Automatic;
				DEVELOPMENT_TEAM = 32ZWE3J8R6;
				INFOPLIST_FILE = MyWisdomAppTests/Info.plist;
				LD_RUNPATH_SEARCH_PATHS = (
					"$(inherited)",
					"@executable_path/Frameworks",
					"@loader_path/Frameworks",
				);
				PRODUCT_BUNDLE_IDENTIFIER = "Filippo-Daminato.MyWisdomAppTests";
				PRODUCT_NAME = "$(TARGET_NAME)";
				SWIFT_VERSION = 4.2;
				TARGETED_DEVICE_FAMILY = "1,2";
				TEST_HOST = "$(BUILT_PRODUCTS_DIR)/MyWisdomApp.app/MyWisdomApp";
			};
			name = Release;
		};
		DBF7426821EA06580044F39B /* Debug */ = {
			isa = XCBuildConfiguration;
			buildSettings = {
				ALWAYS_EMBED_SWIFT_STANDARD_LIBRARIES = YES;
				CODE_SIGN_STYLE = Automatic;
				DEVELOPMENT_TEAM = 32ZWE3J8R6;
				INFOPLIST_FILE = MyWisdomAppUITests/Info.plist;
				LD_RUNPATH_SEARCH_PATHS = (
					"$(inherited)",
					"@executable_path/Frameworks",
					"@loader_path/Frameworks",
				);
				PRODUCT_BUNDLE_IDENTIFIER = "Filippo-Daminato.MyWisdomAppUITests";
				PRODUCT_NAME = "$(TARGET_NAME)";
				SWIFT_VERSION = 4.2;
				TARGETED_DEVICE_FAMILY = "1,2";
				TEST_TARGET_NAME = MyWisdomApp;
			};
			name = Debug;
		};
		DBF7426921EA06580044F39B /* Release */ = {
			isa = XCBuildConfiguration;
			buildSettings = {
				ALWAYS_EMBED_SWIFT_STANDARD_LIBRARIES = YES;
				CODE_SIGN_STYLE = Automatic;
				DEVELOPMENT_TEAM = 32ZWE3J8R6;
				INFOPLIST_FILE = MyWisdomAppUITests/Info.plist;
				LD_RUNPATH_SEARCH_PATHS = (
					"$(inherited)",
					"@executable_path/Frameworks",
					"@loader_path/Frameworks",
				);
				PRODUCT_BUNDLE_IDENTIFIER = "Filippo-Daminato.MyWisdomAppUITests";
				PRODUCT_NAME = "$(TARGET_NAME)";
				SWIFT_VERSION = 4.2;
				TARGETED_DEVICE_FAMILY = "1,2";
				TEST_TARGET_NAME = MyWisdomApp;
			};
			name = Release;
		};
/* End XCBuildConfiguration section */

/* Begin XCConfigurationList section */
		DBF7423421EA06570044F39B /* Build configuration list for PBXProject "MyWisdomApp" */ = {
			isa = XCConfigurationList;
			buildConfigurations = (
				DBF7425F21EA06580044F39B /* Debug */,
				DBF7426021EA06580044F39B /* Release */,
			);
			defaultConfigurationIsVisible = 0;
			defaultConfigurationName = Release;
		};
		DBF7426121EA06580044F39B /* Build configuration list for PBXNativeTarget "MyWisdomApp" */ = {
			isa = XCConfigurationList;
			buildConfigurations = (
				DBF7426221EA06580044F39B /* Debug */,
				DBF7426321EA06580044F39B /* Release */,
			);
			defaultConfigurationIsVisible = 0;
			defaultConfigurationName = Release;
		};
		DBF7426421EA06580044F39B /* Build configuration list for PBXNativeTarget "MyWisdomAppTests" */ = {
			isa = XCConfigurationList;
			buildConfigurations = (
				DBF7426521EA06580044F39B /* Debug */,
				DBF7426621EA06580044F39B /* Release */,
			);
			defaultConfigurationIsVisible = 0;
			defaultConfigurationName = Release;
		};
		DBF7426721EA06580044F39B /* Build configuration list for PBXNativeTarget "MyWisdomAppUITests" */ = {
			isa = XCConfigurationList;
			buildConfigurations = (
				DBF7426821EA06580044F39B /* Debug */,
				DBF7426921EA06580044F39B /* Release */,
			);
			defaultConfigurationIsVisible = 0;
			defaultConfigurationName = Release;
		};
/* End XCConfigurationList section */
	};
	rootObject = DBF7423121EA06570044F39B /* Project object */;
}
